
Microsoft Visual Studio Solution File, Format Version 12.00
# Visual Studio Version 16
VisualStudioVersion = 16.0.28803.452
MinimumVisualStudioVersion = 10.0.40219.1
Project("{FAE04EC0-301F-11D3-BF4B-00C04F79EFBC}") = "QuickMaster", "QuickMaster\QuickMaster.csproj", "{3B0B41AB-8842-4AFA-A460-015AE33AC9FC}"
EndProject
Global
	GlobalSection(SolutionConfigurationPlatforms) = preSolution
		Debug|Any CPU = Debug|Any CPU
		Release|Any CPU = Release|Any CPU
	EndGlobalSection
	GlobalSection(ProjectConfigurationPlatforms) = postSolution
		{3B0B41AB-8842-4AFA-A460-015AE33AC9FC}.Debug|Any CPU.ActiveCfg = Debug|Any CPU
		{3B0B41AB-8842-4AFA-A460-015AE33AC9FC}.Debug|Any CPU.Build.0 = Debug|Any CPU
		{3B0B41AB-8842-4AFA-A460-015AE33AC9FC}.Release|Any CPU.ActiveCfg = Release|Any CPU
		{3B0B41AB-8842-4AFA-A460-015AE33AC9FC}.Release|Any CPU.Build.0 = Release|Any CPU
	EndGlobalSection
	GlobalSection(SolutionProperties) = preSolution
		HideSolutionNode = FALSE
	EndGlobalSection
	GlobalSection(ExtensibilityGlobals) = postSolution
		SolutionGuid = {57B3BA37-9D87-42BB-A017-4919F98CB5D8}
	EndGlobalSection
EndGlobal
